
Microsoft Visual Studio Solution File, Format Version 12.00
# Visual Studio Version 17
VisualStudioVersion = 17.0.31903.59
MinimumVisualStudioVersion = 10.0.40219.1
Project("{2150E333-8FDC-42A3-9474-1A3956D46DE8}") = "src", "src", "{09A2E62F-ACF1-46A0-8363-0863B5E19D66}"
EndProject
Project("{FAE04EC0-301F-11D3-BF4B-00C04F79EFBC}") = "Company.Template.Api", "src\Api\Company.Template.Api.csproj", "{D0626557-18DE-4FBB-94A9-96F9D2A45E5E}"
EndProject
Project("{FAE04EC0-301F-11D3-BF4B-00C04F79EFBC}") = "Company.Template.Application", "src\Application\Company.Template.Application.csproj", "{477B290F-A025-4974-B816-20FFC4A13649}"
EndProject
Project("{FAE04EC0-301F-11D3-BF4B-00C04F79EFBC}") = "Company.Template.Domain", "src\Domain\Company.Template.Domain.csproj", "{60F388A3-2847-4D70-A610-124A54B2B3C3}"
EndProject
Project("{FAE04EC0-301F-11D3-BF4B-00C04F79EFBC}") = "Company.Template.Infrastructure", "src\Infrastructure\Company.Template.Infrastructure.csproj", "{0DA7AD65-7180-46AD-A346-9F5714E42F51}"
EndProject
Project("{FAE04EC0-301F-11D3-BF4B-00C04F79EFBC}") = "Company.Template.Infrastructure.Persistence", "src\Infrastructure.Persistence\Company.Template.Infrastructure.Persistence.csproj", "{C76A1D4C-D494-45CF-98FF-0E4B07AA1C4E}"
EndProject
Project("{2150E333-8FDC-42A3-9474-1A3956D46DE8}") = "tests", "tests", "{CE4DF51C-CAC9-495F-BED5-D4EE84399B13}"
EndProject
Project("{FAE04EC0-301F-11D3-BF4B-00C04F79EFBC}") = "Company.Template.Domain.UnitTests", "tests\Domain.UnitTests\Company.Template.Domain.UnitTests.csproj", "{6729E583-5040-4F12-A4B5-0A1A2C68A58C}"
EndProject
Project("{FAE04EC0-301F-11D3-BF4B-00C04F79EFBC}") = "Company.Template.Application.UnitTests", "tests\Application.UnitTests\Company.Template.Application.UnitTests.csproj", "{C25A2510-F7F7-4DB7-A5DB-F6322F5C56AA}"
EndProject
Project("{FAE04EC0-301F-11D3-BF4B-00C04F79EFBC}") = "Company.Template.Infrastructure.IntegrationTests", "tests\Infrastructure.IntegrationTests\Company.Template.Infrastructure.IntegrationTests.csproj", "{C2FAFB6B-39CA-4598-ACB1-D88090C808D4}"
EndProject
Global
	GlobalSection(SolutionProperties) = preSolution
		HideSolutionNode = FALSE
	EndGlobalSection
	GlobalSection(SolutionConfigurationPlatforms) = preSolution
		Debug|Any CPU = Debug|Any CPU
		Debug|x64 = Debug|x64
		Debug|x86 = Debug|x86
		Release|Any CPU = Release|Any CPU
		Release|x64 = Release|x64
		Release|x86 = Release|x86
	EndGlobalSection
	GlobalSection(ProjectConfigurationPlatforms) = postSolution
		{D0626557-18DE-4FBB-94A9-96F9D2A45E5E}.Debug|Any CPU.ActiveCfg = Debug|Any CPU
		{D0626557-18DE-4FBB-94A9-96F9D2A45E5E}.Debug|Any CPU.Build.0 = Debug|Any CPU
		{D0626557-18DE-4FBB-94A9-96F9D2A45E5E}.Debug|x64.ActiveCfg = Debug|Any CPU
		{D0626557-18DE-4FBB-94A9-96F9D2A45E5E}.Debug|x64.Build.0 = Debug|Any CPU
		{D0626557-18DE-4FBB-94A9-96F9D2A45E5E}.Debug|x86.ActiveCfg = Debug|Any CPU
		{D0626557-18DE-4FBB-94A9-96F9D2A45E5E}.Debug|x86.Build.0 = Debug|Any CPU
		{D0626557-18DE-4FBB-94A9-96F9D2A45E5E}.Release|Any CPU.ActiveCfg = Release|Any CPU
		{D0626557-18DE-4FBB-94A9-96F9D2A45E5E}.Release|Any CPU.Build.0 = Release|Any CPU
		{D0626557-18DE-4FBB-94A9-96F9D2A45E5E}.Release|x64.ActiveCfg = Release|Any CPU
		{D0626557-18DE-4FBB-94A9-96F9D2A45E5E}.Release|x64.Build.0 = Release|Any CPU
		{D0626557-18DE-4FBB-94A9-96F9D2A45E5E}.Release|x86.ActiveCfg = Release|Any CPU
		{D0626557-18DE-4FBB-94A9-96F9D2A45E5E}.Release|x86.Build.0 = Release|Any CPU
		{477B290F-A025-4974-B816-20FFC4A13649}.Debug|Any CPU.ActiveCfg = Debug|Any CPU
		{477B290F-A025-4974-B816-20FFC4A13649}.Debug|Any CPU.Build.0 = Debug|Any CPU
		{477B290F-A025-4974-B816-20FFC4A13649}.Debug|x64.ActiveCfg = Debug|Any CPU
		{477B290F-A025-4974-B816-20FFC4A13649}.Debug|x64.Build.0 = Debug|Any CPU
		{477B290F-A025-4974-B816-20FFC4A13649}.Debug|x86.ActiveCfg = Debug|Any CPU
		{477B290F-A025-4974-B816-20FFC4A13649}.Debug|x86.Build.0 = Debug|Any CPU
		{477B290F-A025-4974-B816-20FFC4A13649}.Release|Any CPU.ActiveCfg = Release|Any CPU
		{477B290F-A025-4974-B816-20FFC4A13649}.Release|Any CPU.Build.0 = Release|Any CPU
		{477B290F-A025-4974-B816-20FFC4A13649}.Release|x64.ActiveCfg = Release|Any CPU
		{477B290F-A025-4974-B816-20FFC4A13649}.Release|x64.Build.0 = Release|Any CPU
		{477B290F-A025-4974-B816-20FFC4A13649}.Release|x86.ActiveCfg = Release|Any CPU
		{477B290F-A025-4974-B816-20FFC4A13649}.Release|x86.Build.0 = Release|Any CPU
		{60F388A3-2847-4D70-A610-124A54B2B3C3}.Debug|Any CPU.ActiveCfg = Debug|Any CPU
		{60F388A3-2847-4D70-A610-124A54B2B3C3}.Debug|Any CPU.Build.0 = Debug|Any CPU
		{60F388A3-2847-4D70-A610-124A54B2B3C3}.Debug|x64.ActiveCfg = Debug|Any CPU
		{60F388A3-2847-4D70-A610-124A54B2B3C3}.Debug|x64.Build.0 = Debug|Any CPU
		{60F388A3-2847-4D70-A610-124A54B2B3C3}.Debug|x86.ActiveCfg = Debug|Any CPU
		{60F388A3-2847-4D70-A610-124A54B2B3C3}.Debug|x86.Build.0 = Debug|Any CPU
		{60F388A3-2847-4D70-A610-124A54B2B3C3}.Release|Any CPU.ActiveCfg = Release|Any CPU
		{60F388A3-2847-4D70-A610-124A54B2B3C3}.Release|Any CPU.Build.0 = Release|Any CPU
		{60F388A3-2847-4D70-A610-124A54B2B3C3}.Release|x64.ActiveCfg = Release|Any CPU
		{60F388A3-2847-4D70-A610-124A54B2B3C3}.Release|x64.Build.0 = Release|Any CPU
		{60F388A3-2847-4D70-A610-124A54B2B3C3}.Release|x86.ActiveCfg = Release|Any CPU
		{60F388A3-2847-4D70-A610-124A54B2B3C3}.Release|x86.Build.0 = Release|Any CPU
		{0DA7AD65-7180-46AD-A346-9F5714E42F51}.Debug|Any CPU.ActiveCfg = Debug|Any CPU
		{0DA7AD65-7180-46AD-A346-9F5714E42F51}.Debug|Any CPU.Build.0 = Debug|Any CPU
		{0DA7AD65-7180-46AD-A346-9F5714E42F51}.Debug|x64.ActiveCfg = Debug|Any CPU
		{0DA7AD65-7180-46AD-A346-9F5714E42F51}.Debug|x64.Build.0 = Debug|Any CPU
		{0DA7AD65-7180-46AD-A346-9F5714E42F51}.Debug|x86.ActiveCfg = Debug|Any CPU
		{0DA7AD65-7180-46AD-A346-9F5714E42F51}.Debug|x86.Build.0 = Debug|Any CPU
		{0DA7AD65-7180-46AD-A346-9F5714E42F51}.Release|Any CPU.ActiveCfg = Release|Any CPU
		{0DA7AD65-7180-46AD-A346-9F5714E42F51}.Release|Any CPU.Build.0 = Release|Any CPU
		{0DA7AD65-7180-46AD-A346-9F5714E42F51}.Release|x64.ActiveCfg = Release|Any CPU
		{0DA7AD65-7180-46AD-A346-9F5714E42F51}.Release|x64.Build.0 = Release|Any CPU
		{0DA7AD65-7180-46AD-A346-9F5714E42F51}.Release|x86.ActiveCfg = Release|Any CPU
		{0DA7AD65-7180-46AD-A346-9F5714E42F51}.Release|x86.Build.0 = Release|Any CPU
		{C76A1D4C-D494-45CF-98FF-0E4B07AA1C4E}.Debug|Any CPU.ActiveCfg = Debug|Any CPU
		{C76A1D4C-D494-45CF-98FF-0E4B07AA1C4E}.Debug|Any CPU.Build.0 = Debug|Any CPU
		{C76A1D4C-D494-45CF-98FF-0E4B07AA1C4E}.Debug|x64.ActiveCfg = Debug|Any CPU
		{C76A1D4C-D494-45CF-98FF-0E4B07AA1C4E}.Debug|x64.Build.0 = Debug|Any CPU
		{C76A1D4C-D494-45CF-98FF-0E4B07AA1C4E}.Debug|x86.ActiveCfg = Debug|Any CPU
		{C76A1D4C-D494-45CF-98FF-0E4B07AA1C4E}.Debug|x86.Build.0 = Debug|Any CPU
		{C76A1D4C-D494-45CF-98FF-0E4B07AA1C4E}.Release|Any CPU.ActiveCfg = Release|Any CPU
		{C76A1D4C-D494-45CF-98FF-0E4B07AA1C4E}.Release|Any CPU.Build.0 = Release|Any CPU
		{C76A1D4C-D494-45CF-98FF-0E4B07AA1C4E}.Release|x64.ActiveCfg = Release|Any CPU
		{C76A1D4C-D494-45CF-98FF-0E4B07AA1C4E}.Release|x64.Build.0 = Release|Any CPU
		{C76A1D4C-D494-45CF-98FF-0E4B07AA1C4E}.Release|x86.ActiveCfg = Release|Any CPU
		{C76A1D4C-D494-45CF-98FF-0E4B07AA1C4E}.Release|x86.Build.0 = Release|Any CPU
		{6729E583-5040-4F12-A4B5-0A1A2C68A58C}.Debug|Any CPU.ActiveCfg = Debug|Any CPU
		{6729E583-5040-4F12-A4B5-0A1A2C68A58C}.Debug|Any CPU.Build.0 = Debug|Any CPU
		{6729E583-5040-4F12-A4B5-0A1A2C68A58C}.Debug|x64.ActiveCfg = Debug|Any CPU
		{6729E583-5040-4F12-A4B5-0A1A2C68A58C}.Debug|x64.Build.0 = Debug|Any CPU
		{6729E583-5040-4F12-A4B5-0A1A2C68A58C}.Debug|x86.ActiveCfg = Debug|Any CPU
		{6729E583-5040-4F12-A4B5-0A1A2C68A58C}.Debug|x86.Build.0 = Debug|Any CPU
		{6729E583-5040-4F12-A4B5-0A1A2C68A58C}.Release|Any CPU.ActiveCfg = Release|Any CPU
		{6729E583-5040-4F12-A4B5-0A1A2C68A58C}.Release|Any CPU.Build.0 = Release|Any CPU
		{6729E583-5040-4F12-A4B5-0A1A2C68A58C}.Release|x64.ActiveCfg = Release|Any CPU
		{6729E583-5040-4F12-A4B5-0A1A2C68A58C}.Release|x64.Build.0 = Release|Any CPU
		{6729E583-5040-4F12-A4B5-0A1A2C68A58C}.Release|x86.ActiveCfg = Release|Any CPU
		{6729E583-5040-4F12-A4B5-0A1A2C68A58C}.Release|x86.Build.0 = Release|Any CPU
		{C25A2510-F7F7-4DB7-A5DB-F6322F5C56AA}.Debug|Any CPU.ActiveCfg = Debug|Any CPU
		{C25A2510-F7F7-4DB7-A5DB-F6322F5C56AA}.Debug|Any CPU.Build.0 = Debug|Any CPU
		{C25A2510-F7F7-4DB7-A5DB-F6322F5C56AA}.Debug|x64.ActiveCfg = Debug|Any CPU
		{C25A2510-F7F7-4DB7-A5DB-F6322F5C56AA}.Debug|x64.Build.0 = Debug|Any CPU
		{C25A2510-F7F7-4DB7-A5DB-F6322F5C56AA}.Debug|x86.ActiveCfg = Debug|Any CPU
		{C25A2510-F7F7-4DB7-A5DB-F6322F5C56AA}.Debug|x86.Build.0 = Debug|Any CPU
		{C25A2510-F7F7-4DB7-A5DB-F6322F5C56AA}.Release|Any CPU.ActiveCfg = Release|Any CPU
		{C25A2510-F7F7-4DB7-A5DB-F6322F5C56AA}.Release|Any CPU.Build.0 = Release|Any CPU
		{C25A2510-F7F7-4DB7-A5DB-F6322F5C56AA}.Release|x64.ActiveCfg = Release|Any CPU
		{C25A2510-F7F7-4DB7-A5DB-F6322F5C56AA}.Release|x64.Build.0 = Release|Any CPU
		{C25A2510-F7F7-4DB7-A5DB-F6322F5C56AA}.Release|x86.ActiveCfg = Release|Any CPU
		{C25A2510-F7F7-4DB7-A5DB-F6322F5C56AA}.Release|x86.Build.0 = Release|Any CPU
		{C2FAFB6B-39CA-4598-ACB1-D88090C808D4}.Debug|Any CPU.ActiveCfg = Debug|Any CPU
		{C2FAFB6B-39CA-4598-ACB1-D88090C808D4}.Debug|Any CPU.Build.0 = Debug|Any CPU
		{C2FAFB6B-39CA-4598-ACB1-D88090C808D4}.Debug|x64.ActiveCfg = Debug|Any CPU
		{C2FAFB6B-39CA-4598-ACB1-D88090C808D4}.Debug|x64.Build.0 = Debug|Any CPU
		{C2FAFB6B-39CA-4598-ACB1-D88090C808D4}.Debug|x86.ActiveCfg = Debug|Any CPU
		{C2FAFB6B-39CA-4598-ACB1-D88090C808D4}.Debug|x86.Build.0 = Debug|Any CPU
		{C2FAFB6B-39CA-4598-ACB1-D88090C808D4}.Release|Any CPU.ActiveCfg = Release|Any CPU
		{C2FAFB6B-39CA-4598-ACB1-D88090C808D4}.Release|Any CPU.Build.0 = Release|Any CPU
		{C2FAFB6B-39CA-4598-ACB1-D88090C808D4}.Release|x64.ActiveCfg = Release|Any CPU
		{C2FAFB6B-39CA-4598-ACB1-D88090C808D4}.Release|x64.Build.0 = Release|Any CPU
		{C2FAFB6B-39CA-4598-ACB1-D88090C808D4}.Release|x86.ActiveCfg = Release|Any CPU
		{C2FAFB6B-39CA-4598-ACB1-D88090C808D4}.Release|x86.Build.0 = Release|Any CPU
	EndGlobalSection
	GlobalSection(NestedProjects) = preSolution
		{D0626557-18DE-4FBB-94A9-96F9D2A45E5E} = {09A2E62F-ACF1-46A0-8363-0863B5E19D66}
		{477B290F-A025-4974-B816-20FFC4A13649} = {09A2E62F-ACF1-46A0-8363-0863B5E19D66}
		{60F388A3-2847-4D70-A610-124A54B2B3C3} = {09A2E62F-ACF1-46A0-8363-0863B5E19D66}
		{0DA7AD65-7180-46AD-A346-9F5714E42F51} = {09A2E62F-ACF1-46A0-8363-0863B5E19D66}
		{C76A1D4C-D494-45CF-98FF-0E4B07AA1C4E} = {09A2E62F-ACF1-46A0-8363-0863B5E19D66}
		{6729E583-5040-4F12-A4B5-0A1A2C68A58C} = {CE4DF51C-CAC9-495F-BED5-D4EE84399B13}
		{C25A2510-F7F7-4DB7-A5DB-F6322F5C56AA} = {CE4DF51C-CAC9-495F-BED5-D4EE84399B13}
		{C2FAFB6B-39CA-4598-ACB1-D88090C808D4} = {CE4DF51C-CAC9-495F-BED5-D4EE84399B13}
	EndGlobalSection
EndGlobal
